// !$*UTF8*$!
{
	archiveVersion = 1;
	classes = {
	};
	objectVersion = 50;
	objects = {

/* Begin PBXBuildFile section */
		42C8CA4B229A49260035FF6C /* AppDelegate.swift in Sources */ = {isa = PBXBuildFile; fileRef = 42C8CA4A229A49260035FF6C /* AppDelegate.swift */; };
		42C8CA4D229A49260035FF6C /* ViewController.swift in Sources */ = {isa = PBXBuildFile; fileRef = 42C8CA4C229A49260035FF6C /* ViewController.swift */; };
		42C8CA50229A49260035FF6C /* Main.storyboard in Resources */ = {isa = PBXBuildFile; fileRef = 42C8CA4E229A49260035FF6C /* Main.storyboard */; };
		42C8CA52229A492A0035FF6C /* Assets.xcassets in Resources */ = {isa = PBXBuildFile; fileRef = 42C8CA51229A492A0035FF6C /* Assets.xcassets */; };
		42C8CA55229A492A0035FF6C /* LaunchScreen.storyboard in Resources */ = {isa = PBXBuildFile; fileRef = 42C8CA53229A492A0035FF6C /* LaunchScreen.storyboard */; };
		42C8CA60229A492B0035FF6C /* ClickerTests.swift in Sources */ = {isa = PBXBuildFile; fileRef = 42C8CA5F229A492B0035FF6C /* ClickerTests.swift */; };
		42C8CA6B229A492B0035FF6C /* ClickerUITests.swift in Sources */ = {isa = PBXBuildFile; fileRef = 42C8CA6A229A492B0035FF6C /* ClickerUITests.swift */; };
/* End PBXBuildFile section */

/* Begin PBXContainerItemProxy section */
		42C8CA5C229A492B0035FF6C /* PBXContainerItemProxy */ = {
			isa = PBXContainerItemProxy;
			containerPortal = 42C8CA3F229A49260035FF6C /* Project object */;
			proxyType = 1;
			remoteGlobalIDString = 42C8CA46229A49260035FF6C;
			remoteInfo = Clicker;
		};
		42C8CA67229A492B0035FF6C /* PBXContainerItemProxy */ = {
			isa = PBXContainerItemProxy;
			containerPortal = 42C8CA3F229A49260035FF6C /* Project object */;
			proxyType = 1;
			remoteGlobalIDString = 42C8CA46229A49260035FF6C;
			remoteInfo = Clicker;
		};
/* End PBXContainerItemProxy section */

/* Begin PBXFileReference section */
		42C8CA47229A49260035FF6C /* Clicker.app */ = {isa = PBXFileReference; explicitFileType = wrapper.application; includeInIndex = 0; path = Clicker.app; sourceTree = BUILT_PRODUCTS_DIR; };
		42C8CA4A229A49260035FF6C /* AppDelegate.swift */ = {isa = PBXFileReference; lastKnownFileType = sourcecode.swift; path = AppDelegate.swift; sourceTree = "<group>"; };
		42C8CA4C229A49260035FF6C /* ViewController.swift */ = {isa = PBXFileReference; lastKnownFileType = sourcecode.swift; path = ViewController.swift; sourceTree = "<group>"; };
		42C8CA4F229A49260035FF6C /* Base */ = {isa = PBXFileReference; lastKnownFileType = file.storyboard; name = Base; path = Base.lproj/Main.storyboard; sourceTree = "<group>"; };
		42C8CA51229A492A0035FF6C /* Assets.xcassets */ = {isa = PBXFileReference; lastKnownFileType = folder.assetcatalog; path = Assets.xcassets; sourceTree = "<group>"; };
		42C8CA54229A492A0035FF6C /* Base */ = {isa = PBXFileReference; lastKnownFileType = file.storyboard; name = Base; path = Base.lproj/LaunchScreen.storyboard; sourceTree = "<group>"; };
		42C8CA56229A492A0035FF6C /* Info.plist */ = {isa = PBXFileReference; lastKnownFileType = text.plist.xml; path = Info.plist; sourceTree = "<group>"; };
		42C8CA5B229A492A0035FF6C /* ClickerTests.xctest */ = {isa = PBXFileReference; explicitFileType = wrapper.cfbundle; includeInIndex = 0; path = ClickerTests.xctest; sourceTree = BUILT_PRODUCTS_DIR; };
		42C8CA5F229A492B0035FF6C /* ClickerTests.swift */ = {isa = PBXFileReference; lastKnownFileType = sourcecode.swift; path = ClickerTests.swift; sourceTree = "<group>"; };
		42C8CA61229A492B0035FF6C /* Info.plist */ = {isa = PBXFileReference; lastKnownFileType = text.plist.xml; path = Info.plist; sourceTree = "<group>"; };
		42C8CA66229A492B0035FF6C /* ClickerUITests.xctest */ = {isa = PBXFileReference; explicitFileType = wrapper.cfbundle; includeInIndex = 0; path = ClickerUITests.xctest; sourceTree = BUILT_PRODUCTS_DIR; };
		42C8CA6A229A492B0035FF6C /* ClickerUITests.swift */ = {isa = PBXFileReference; lastKnownFileType = sourcecode.swift; path = ClickerUITests.swift; sourceTree = "<group>"; };
		42C8CA6C229A492B0035FF6C /* Info.plist */ = {isa = PBXFileReference; lastKnownFileType = text.plist.xml; path = Info.plist; sourceTree = "<group>"; };
/* End PBXFileReference section */

/* Begin PBXFrameworksBuildPhase section */
		42C8CA44229A49260035FF6C /* Frameworks */ = {
			isa = PBXFrameworksBuildPhase;
			buildActionMask = 2147483647;
			files = (
			);
			runOnlyForDeploymentPostprocessing = 0;
		};
		42C8CA58229A492A0035FF6C /* Frameworks */ = {
			isa = PBXFrameworksBuildPhase;
			buildActionMask = 2147483647;
			files = (
			);
			runOnlyForDeploymentPostprocessing = 0;
		};
		42C8CA63229A492B0035FF6C /* Frameworks */ = {
			isa = PBXFrameworksBuildPhase;
			buildActionMask = 2147483647;
			files = (
			);
			runOnlyForDeploymentPostprocessing = 0;
		};
/* End PBXFrameworksBuildPhase section */

/* Begin PBXGroup section */
		42C8CA3E229A49260035FF6C = {
			isa = PBXGroup;
			children = (
				42C8CA49229A49260035FF6C /* Clicker */,
				42C8CA5E229A492B0035FF6C /* ClickerTests */,
				42C8CA69229A492B0035FF6C /* ClickerUITests */,
				42C8CA48229A49260035FF6C /* Products */,
			);
			sourceTree = "<group>";
		};
		42C8CA48229A49260035FF6C /* Products */ = {
			isa = PBXGroup;
			children = (
				42C8CA47229A49260035FF6C /* Clicker.app */,
				42C8CA5B229A492A0035FF6C /* ClickerTests.xctest */,
				42C8CA66229A492B0035FF6C /* ClickerUITests.xctest */,
			);
			name = Products;
			sourceTree = "<group>";
		};
		42C8CA49229A49260035FF6C /* Clicker */ = {
			isa = PBXGroup;
			children = (
				42C8CA4A229A49260035FF6C /* AppDelegate.swift */,
				42C8CA4C229A49260035FF6C /* ViewController.swift */,
				42C8CA4E229A49260035FF6C /* Main.storyboard */,
				42C8CA51229A492A0035FF6C /* Assets.xcassets */,
				42C8CA53229A492A0035FF6C /* LaunchScreen.storyboard */,
				42C8CA56229A492A0035FF6C /* Info.plist */,
			);
			path = Clicker;
			sourceTree = "<group>";
		};
		42C8CA5E229A492B0035FF6C /* ClickerTests */ = {
			isa = PBXGroup;
			children = (
				42C8CA5F229A492B0035FF6C /* ClickerTests.swift */,
				42C8CA61229A492B0035FF6C /* Info.plist */,
			);
			path = ClickerTests;
			sourceTree = "<group>";
		};
		42C8CA69229A492B0035FF6C /* ClickerUITests */ = {
			isa = PBXGroup;
			children = (
				42C8CA6A229A492B0035FF6C /* ClickerUITests.swift */,
				42C8CA6C229A492B0035FF6C /* Info.plist */,
			);
			path = ClickerUITests;
			sourceTree = "<group>";
		};
/* End PBXGroup section */

/* Begin PBXNativeTarget section */
		42C8CA46229A49260035FF6C /* Clicker */ = {
			isa = PBXNativeTarget;
			buildConfigurationList = 42C8CA6F229A492B0035FF6C /* Build configuration list for PBXNativeTarget "Clicker" */;
			buildPhases = (
				42C8CA43229A49260035FF6C /* Sources */,
				42C8CA44229A49260035FF6C /* Frameworks */,
				42C8CA45229A49260035FF6C /* Resources */,
			);
			buildRules = (
			);
			dependencies = (
			);
			name = Clicker;
			productName = Clicker;
			productReference = 42C8CA47229A49260035FF6C /* Clicker.app */;
			productType = "com.apple.product-type.application";
		};
		42C8CA5A229A492A0035FF6C /* ClickerTests */ = {
			isa = PBXNativeTarget;
			buildConfigurationList = 42C8CA72229A492B0035FF6C /* Build configuration list for PBXNativeTarget "ClickerTests" */;
			buildPhases = (
				42C8CA57229A492A0035FF6C /* Sources */,
				42C8CA58229A492A0035FF6C /* Frameworks */,
				42C8CA59229A492A0035FF6C /* Resources */,
			);
			buildRules = (
			);
			dependencies = (
				42C8CA5D229A492B0035FF6C /* PBXTargetDependency */,
			);
			name = ClickerTests;
			productName = ClickerTests;
			productReference = 42C8CA5B229A492A0035FF6C /* ClickerTests.xctest */;
			productType = "com.apple.product-type.bundle.unit-test";
		};
		42C8CA65229A492B0035FF6C /* ClickerUITests */ = {
			isa = PBXNativeTarget;
			buildConfigurationList = 42C8CA75229A492B0035FF6C /* Build configuration list for PBXNativeTarget "ClickerUITests" */;
			buildPhases = (
				42C8CA62229A492B0035FF6C /* Sources */,
				42C8CA63229A492B0035FF6C /* Frameworks */,
				42C8CA64229A492B0035FF6C /* Resources */,
			);
			buildRules = (
			);
			dependencies = (
				42C8CA68229A492B0035FF6C /* PBXTargetDependency */,
			);
			name = ClickerUITests;
			productName = ClickerUITests;
			productReference = 42C8CA66229A492B0035FF6C /* ClickerUITests.xctest */;
			productType = "com.apple.product-type.bundle.ui-testing";
		};
/* End PBXNativeTarget section */

/* Begin PBXProject section */
		42C8CA3F229A49260035FF6C /* Project object */ = {
			isa = PBXProject;
			attributes = {
				LastSwiftUpdateCheck = 1010;
				LastUpgradeCheck = 1010;
				ORGANIZATIONNAME = "Daichi Hasegawa";
				TargetAttributes = {
					42C8CA46229A49260035FF6C = {
						CreatedOnToolsVersion = 10.1;
					};
					42C8CA5A229A492A0035FF6C = {
						CreatedOnToolsVersion = 10.1;
						TestTargetID = 42C8CA46229A49260035FF6C;
					};
					42C8CA65229A492B0035FF6C = {
						CreatedOnToolsVersion = 10.1;
						TestTargetID = 42C8CA46229A49260035FF6C;
					};
				};
			};
			buildConfigurationList = 42C8CA42229A49260035FF6C /* Build configuration list for PBXProject "Clicker" */;
			compatibilityVersion = "Xcode 9.3";
			developmentRegion = en;
			hasScannedForEncodings = 0;
			knownRegions = (
				en,
				Base,
			);
			mainGroup = 42C8CA3E229A49260035FF6C;
			productRefGroup = 42C8CA48229A49260035FF6C /* Products */;
			projectDirPath = "";
			projectRoot = "";
			targets = (
				42C8CA46229A49260035FF6C /* Clicker */,
				42C8CA5A229A492A0035FF6C /* ClickerTests */,
				42C8CA65229A492B0035FF6C /* ClickerUITests */,
			);
		};
/* End PBXProject section */

/* Begin PBXResourcesBuildPhase section */
		42C8CA45229A49260035FF6C /* Resources */ = {
			isa = PBXResourcesBuildPhase;
			buildActionMask = 2147483647;
			files = (
				42C8CA55229A492A0035FF6C /* LaunchScreen.storyboard in Resources */,
				42C8CA52229A492A0035FF6C /* Assets.xcassets in Resources */,
				42C8CA50229A49260035FF6C /* Main.storyboard in Resources */,
			);
			runOnlyForDeploymentPostprocessing = 0;
		};
		42C8CA59229A492A0035FF6C /* Resources */ = {
			isa = PBXResourcesBuildPhase;
			buildActionMask = 2147483647;
			files = (
			);
			runOnlyForDeploymentPostprocessing = 0;
		};
		42C8CA64229A492B0035FF6C /* Resources */ = {
			isa = PBXResourcesBuildPhase;
			buildActionMask = 2147483647;
			files = (
			);
			runOnlyForDeploymentPostprocessing = 0;
		};
/* End PBXResourcesBuildPhase section */

/* Begin PBXSourcesBuildPhase section */
		42C8CA43229A49260035FF6C /* Sources */ = {
			isa = PBXSourcesBuildPhase;
			buildActionMask = 2147483647;
			files = (
				42C8CA4D229A49260035FF6C /* ViewController.swift in Sources */,
				42C8CA4B229A49260035FF6C /* AppDelegate.swift in Sources */,
			);
			runOnlyForDeploymentPostprocessing = 0;
		};
		42C8CA57229A492A0035FF6C /* Sources */ = {
			isa = PBXSourcesBuildPhase;
			buildActionMask = 2147483647;
			files = (
				42C8CA60229A492B0035FF6C /* ClickerTests.swift in Sources */,
			);
			runOnlyForDeploymentPostprocessing = 0;
		};
		42C8CA62229A492B0035FF6C /* Sources */ = {
			isa = PBXSourcesBuildPhase;
			buildActionMask = 2147483647;
			files = (
				42C8CA6B229A492B0035FF6C /* ClickerUITests.swift in Sources */,
			);
			runOnlyForDeploymentPostprocessing = 0;
		};
/* End PBXSourcesBuildPhase section */

/* Begin PBXTargetDependency section */
		42C8CA5D229A492B0035FF6C /* PBXTargetDependency */ = {
			isa = PBXTargetDependency;
			target = 42C8CA46229A49260035FF6C /* Clicker */;
			targetProxy = 42C8CA5C229A492B0035FF6C /* PBXContainerItemProxy */;
		};
		42C8CA68229A492B0035FF6C /* PBXTargetDependency */ = {
			isa = PBXTargetDependency;
			target = 42C8CA46229A49260035FF6C /* Clicker */;
			targetProxy = 42C8CA67229A492B0035FF6C /* PBXContainerItemProxy */;
		};
/* End PBXTargetDependency section */

/* Begin PBXVariantGroup section */
		42C8CA4E229A49260035FF6C /* Main.storyboard */ = {
			isa = PBXVariantGroup;
			children = (
				42C8CA4F229A49260035FF6C /* Base */,
			);
			name = Main.storyboard;
			sourceTree = "<group>";
		};
		42C8CA53229A492A0035FF6C /* LaunchScreen.storyboard */ = {
			isa = PBXVariantGroup;
			children = (
				42C8CA54229A492A0035FF6C /* Base */,
			);
			name = LaunchScreen.storyboard;
			sourceTree = "<group>";
		};
/* End PBXVariantGroup section */

/* Begin XCBuildConfiguration section */
		42C8CA6D229A492B0035FF6C /* Debug */ = {
			isa = XCBuildConfiguration;
			buildSettings = {
				ALWAYS_SEARCH_USER_PATHS = NO;
				CLANG_ANALYZER_NONNULL = YES;
				CLANG_ANALYZER_NUMBER_OBJECT_CONVERSION = YES_AGGRESSIVE;
				CLANG_CXX_LANGUAGE_STANDARD = "gnu++14";
				CLANG_CXX_LIBRARY = "libc++";
				CLANG_ENABLE_MODULES = YES;
				CLANG_ENABLE_OBJC_ARC = YES;
				CLANG_ENABLE_OBJC_WEAK = YES;
				CLANG_WARN_BLOCK_CAPTURE_AUTORELEASING = YES;
				CLANG_WARN_BOOL_CONVERSION = YES;
				CLANG_WARN_COMMA = YES;
				CLANG_WARN_CONSTANT_CONVERSION = YES;
				CLANG_WARN_DEPRECATED_OBJC_IMPLEMENTATIONS = YES;
				CLANG_WARN_DIRECT_OBJC_ISA_USAGE = YES_ERROR;
				CLANG_WARN_DOCUMENTATION_COMMENTS = YES;
				CLANG_WARN_EMPTY_BODY = YES;
				CLANG_WARN_ENUM_CONVERSION = YES;
				CLANG_WARN_INFINITE_RECURSION = YES;
				CLANG_WARN_INT_CONVERSION = YES;
				CLANG_WARN_NON_LITERAL_NULL_CONVERSION = YES;
				CLANG_WARN_OBJC_IMPLICIT_RETAIN_SELF = YES;
				CLANG_WARN_OBJC_LITERAL_CONVERSION = YES;
				CLANG_WARN_OBJC_ROOT_CLASS = YES_ERROR;
				CLANG_WARN_RANGE_LOOP_ANALYSIS = YES;
				CLANG_WARN_STRICT_PROTOTYPES = YES;
				CLANG_WARN_SUSPICIOUS_MOVE = YES;
				CLANG_WARN_UNGUARDED_AVAILABILITY = YES_AGGRESSIVE;
				CLANG_WARN_UNREACHABLE_CODE = YES;
				CLANG_WARN__DUPLICATE_METHOD_MATCH = YES;
				CODE_SIGN_IDENTITY = "iPhone Developer";
				COPY_PHASE_STRIP = NO;
				DEBUG_INFORMATION_FORMAT = dwarf;
				ENABLE_STRICT_OBJC_MSGSEND = YES;
				ENABLE_TESTABILITY = YES;
				GCC_C_LANGUAGE_STANDARD = gnu11;
				GCC_DYNAMIC_NO_PIC = NO;
				GCC_NO_COMMON_BLOCKS = YES;
				GCC_OPTIMIZATION_LEVEL = 0;
				GCC_PREPROCESSOR_DEFINITIONS = (
					"DEBUG=1",
					"$(inherited)",
				);
				GCC_WARN_64_TO_32_BIT_CONVERSION = YES;
				GCC_WARN_ABOUT_RETURN_TYPE = YES_ERROR;
				GCC_WARN_UNDECLARED_SELECTOR = YES;
				GCC_WARN_UNINITIALIZED_AUTOS = YES_AGGRESSIVE;
				GCC_WARN_UNUSED_FUNCTION = YES;
				GCC_WARN_UNUSED_VARIABLE = YES;
				IPHONEOS_DEPLOYMENT_TARGET = 12.1;
				MTL_ENABLE_DEBUG_INFO = INCLUDE_SOURCE;
				MTL_FAST_MATH = YES;
				ONLY_ACTIVE_ARCH = YES;
				SDKROOT = iphoneos;
				SWIFT_ACTIVE_COMPILATION_CONDITIONS = DEBUG;
				SWIFT_OPTIMIZATION_LEVEL = "-Onone";
			};
			name = Debug;
		};
		42C8CA6E229A492B0035FF6C /* Release */ = {
			isa = XCBuildConfiguration;
			buildSettings = {
				ALWAYS_SEARCH_USER_PATHS = NO;
				CLANG_ANALYZER_NONNULL = YES;
				CLANG_ANALYZER_NUMBER_OBJECT_CONVERSION = YES_AGGRESSIVE;
				CLANG_CXX_LANGUAGE_STANDARD = "gnu++14";
				CLANG_CXX_LIBRARY = "libc++";
				CLANG_ENABLE_MODULES = YES;
				CLANG_ENABLE_OBJC_ARC = YES;
				CLANG_ENABLE_OBJC_WEAK = YES;
				CLANG_WARN_BLOCK_CAPTURE_AUTORELEASING = YES;
				CLANG_WARN_BOOL_CONVERSION = YES;
				CLANG_WARN_COMMA = YES;
				CLANG_WARN_CONSTANT_CONVERSION = YES;
				CLANG_WARN_DEPRECATED_OBJC_IMPLEMENTATIONS = YES;
				CLANG_WARN_DIRECT_OBJC_ISA_USAGE = YES_ERROR;
				CLANG_WARN_DOCUMENTATION_COMMENTS = YES;
				CLANG_WARN_EMPTY_BODY = YES;
				CLANG_WARN_ENUM_CONVERSION = YES;
				CLANG_WARN_INFINITE_RECURSION = YES;
				CLANG_WARN_INT_CONVERSION = YES;
				CLANG_WARN_NON_LITERAL_NULL_CONVERSION = YES;
				CLANG_WARN_OBJC_IMPLICIT_RETAIN_SELF = YES;
				CLANG_WARN_OBJC_LITERAL_CONVERSION = YES;
				CLANG_WARN_OBJC_ROOT_CLASS = YES_ERROR;
				CLANG_WARN_RANGE_LOOP_ANALYSIS = YES;
				CLANG_WARN_STRICT_PROTOTYPES = YES;
				CLANG_WARN_SUSPICIOUS_MOVE = YES;
				CLANG_WARN_UNGUARDED_AVAILABILITY = YES_AGGRESSIVE;
				CLANG_WARN_UNREACHABLE_CODE = YES;
				CLANG_WARN__DUPLICATE_METHOD_MATCH = YES;
				CODE_SIGN_IDENTITY = "iPhone Developer";
				COPY_PHASE_STRIP = NO;
				DEBUG_INFORMATION_FORMAT = "dwarf-with-dsym";
				ENABLE_NS_ASSERTIONS = NO;
				ENABLE_STRICT_OBJC_MSGSEND = YES;
				GCC_C_LANGUAGE_STANDARD = gnu11;
				GCC_NO_COMMON_BLOCKS = YES;
				GCC_WARN_64_TO_32_BIT_CONVERSION = YES;
				GCC_WARN_ABOUT_RETURN_TYPE = YES_ERROR;
				GCC_WARN_UNDECLARED_SELECTOR = YES;
				GCC_WARN_UNINITIALIZED_AUTOS = YES_AGGRESSIVE;
				GCC_WARN_UNUSED_FUNCTION = YES;
				GCC_WARN_UNUSED_VARIABLE = YES;
				IPHONEOS_DEPLOYMENT_TARGET = 12.1;
				MTL_ENABLE_DEBUG_INFO = NO;
				MTL_FAST_MATH = YES;
				SDKROOT = iphoneos;
				SWIFT_COMPILATION_MODE = wholemodule;
				SWIFT_OPTIMIZATION_LEVEL = "-O";
				VALIDATE_PRODUCT = YES;
			};
			name = Release;
		};
		42C8CA70229A492B0035FF6C /* Debug */ = {
			isa = XCBuildConfiguration;
			buildSettings = {
				ASSETCATALOG_COMPILER_APPICON_NAME = AppIcon;
				CODE_SIGN_STYLE = Automatic;
				DEVELOPMENT_TEAM = GYU7E25CJ5;
				INFOPLIST_FILE = Clicker/Info.plist;
				LD_RUNPATH_SEARCH_PATHS = (
					"$(inherited)",
					"@executable_path/Frameworks",
				);
				PRODUCT_BUNDLE_IDENTIFIER = DaichiHasegawa.Clicker;
				PRODUCT_NAME = "$(TARGET_NAME)";
				SWIFT_VERSION = 4.2;
				TARGETED_DEVICE_FAMILY = "1,2";
			};
			name = Debug;
		};
		42C8CA71229A492B0035FF6C /* Release */ = {
			isa = XCBuildConfiguration;
			buildSettings = {
				ASSETCATALOG_COMPILER_APPICON_NAME = AppIcon;
				CODE_SIGN_STYLE = Automatic;
				DEVELOPMENT_TEAM = GYU7E25CJ5;
				INFOPLIST_FILE = Clicker/Info.plist;
				LD_RUNPATH_SEARCH_PATHS = (
					"$(inherited)",
					"@executable_path/Frameworks",
				);
				PRODUCT_BUNDLE_IDENTIFIER = DaichiHasegawa.Clicker;
				PRODUCT_NAME = "$(TARGET_NAME)";
				SWIFT_VERSION = 4.2;
				TARGETED_DEVICE_FAMILY = "1,2";
			};
			name = Release;
		};
		42C8CA73229A492B0035FF6C /* Debug */ = {
			isa = XCBuildConfiguration;
			buildSettings = {
				ALWAYS_EMBED_SWIFT_STANDARD_LIBRARIES = YES;
				BUNDLE_LOADER = "$(TEST_HOST)";
				CODE_SIGN_STYLE = Automatic;
				DEVELOPMENT_TEAM = GYU7E25CJ5;
				INFOPLIST_FILE = ClickerTests/Info.plist;
				LD_RUNPATH_SEARCH_PATHS = (
					"$(inherited)",
					"@executable_path/Frameworks",
					"@loader_path/Frameworks",
				);
				PRODUCT_BUNDLE_IDENTIFIER = DaichiHasegawa.ClickerTests;
				PRODUCT_NAME = "$(TARGET_NAME)";
				SWIFT_VERSION = 4.2;
				TARGETED_DEVICE_FAMILY = "1,2";
				TEST_HOST = "$(BUILT_PRODUCTS_DIR)/Clicker.app/Clicker";
			};
			name = Debug;
		};
		42C8CA74229A492B0035FF6C /* Release */ = {
			isa = XCBuildConfiguration;
			buildSettings = {
				ALWAYS_EMBED_SWIFT_STANDARD_LIBRARIES = YES;
				BUNDLE_LOADER = "$(TEST_HOST)";
				CODE_SIGN_STYLE = Automatic;
				DEVELOPMENT_TEAM = GYU7E25CJ5;
				INFOPLIST_FILE = ClickerTests/Info.plist;
				LD_RUNPATH_SEARCH_PATHS = (
					"$(inherited)",
					"@executable_path/Frameworks",
					"@loader_path/Frameworks",
				);
				PRODUCT_BUNDLE_IDENTIFIER = DaichiHasegawa.ClickerTests;
				PRODUCT_NAME = "$(TARGET_NAME)";
				SWIFT_VERSION = 4.2;
				TARGETED_DEVICE_FAMILY = "1,2";
				TEST_HOST = "$(BUILT_PRODUCTS_DIR)/Clicker.app/Clicker";
			};
			name = Release;
		};
		42C8CA76229A492B0035FF6C /* Debug */ = {
			isa = XCBuildConfiguration;
			buildSettings = {
				ALWAYS_EMBED_SWIFT_STANDARD_LIBRARIES = YES;
				CODE_SIGN_STYLE = Automatic;
				DEVELOPMENT_TEAM = GYU7E25CJ5;
				INFOPLIST_FILE = ClickerUITests/Info.plist;
				LD_RUNPATH_SEARCH_PATHS = (
					"$(inherited)",
					"@executable_path/Frameworks",
					"@loader_path/Frameworks",
				);
				PRODUCT_BUNDLE_IDENTIFIER = DaichiHasegawa.ClickerUITests;
				PRODUCT_NAME = "$(TARGET_NAME)";
				SWIFT_VERSION = 4.2;
				TARGETED_DEVICE_FAMILY = "1,2";
				TEST_TARGET_NAME = Clicker;
			};
			name = Debug;
		};
		42C8CA77229A492B0035FF6C /* Release */ = {
			isa = XCBuildConfiguration;
			buildSettings = {
				ALWAYS_EMBED_SWIFT_STANDARD_LIBRARIES = YES;
				CODE_SIGN_STYLE = Automatic;
				DEVELOPMENT_TEAM = GYU7E25CJ5;
				INFOPLIST_FILE = ClickerUITests/Info.plist;
				LD_RUNPATH_SEARCH_PATHS = (
					"$(inherited)",
					"@executable_path/Frameworks",
					"@loader_path/Frameworks",
				);
				PRODUCT_BUNDLE_IDENTIFIER = DaichiHasegawa.ClickerUITests;
				PRODUCT_NAME = "$(TARGET_NAME)";
				SWIFT_VERSION = 4.2;
				TARGETED_DEVICE_FAMILY = "1,2";
				TEST_TARGET_NAME = Clicker;
			};
			name = Release;
		};
/* End XCBuildConfiguration section */

/* Begin XCConfigurationList section */
		42C8CA42229A49260035FF6C /* Build configuration list for PBXProject "Clicker" */ = {
			isa = XCConfigurationList;
			buildConfigurations = (
				42C8CA6D229A492B0035FF6C /* Debug */,
				42C8CA6E229A492B0035FF6C /* Release */,
			);
			defaultConfigurationIsVisible = 0;
			defaultConfigurationName = Release;
		};
		42C8CA6F229A492B0035FF6C /* Build configuration list for PBXNativeTarget "Clicker" */ = {
			isa = XCConfigurationList;
			buildConfigurations = (
				42C8CA70229A492B0035FF6C /* Debug */,
				42C8CA71229A492B0035FF6C /* Release */,
			);
			defaultConfigurationIsVisible = 0;
			defaultConfigurationName = Release;
		};
		42C8CA72229A492B0035FF6C /* Build configuration list for PBXNativeTarget "ClickerTests" */ = {
			isa = XCConfigurationList;
			buildConfigurations = (
				42C8CA73229A492B0035FF6C /* Debug */,
				42C8CA74229A492B0035FF6C /* Release */,
			);
			defaultConfigurationIsVisible = 0;
			defaultConfigurationName = Release;
		};
		42C8CA75229A492B0035FF6C /* Build configuration list for PBXNativeTarget "ClickerUITests" */ = {
			isa = XCConfigurationList;
			buildConfigurations = (
				42C8CA76229A492B0035FF6C /* Debug */,
				42C8CA77229A492B0035FF6C /* Release */,
			);
			defaultConfigurationIsVisible = 0;
			defaultConfigurationName = Release;
		};
/* End XCConfigurationList section */
	};
	rootObject = 42C8CA3F229A49260035FF6C /* Project object */;
}
